
Microsoft Visual Studio Solution File, Format Version 12.00
# Visual Studio Version 17
VisualStudioVersion = 17.2.32630.192
MinimumVisualStudioVersion = 10.0.40219.1
Project("{FAE04EC0-301F-11D3-BF4B-00C04F79EFBC}") = "MissionLearnWeb", "MissionLearnWeb\MissionLearnWeb.csproj", "{E961EBA7-3D60-4A01-804C-694BFE94D2D0}"
EndProject
Global
	GlobalSection(SolutionConfigurationPlatforms) = preSolution
		Debug|Any CPU = Debug|Any CPU
		Release|Any CPU = Release|Any CPU
	EndGlobalSection
	GlobalSection(ProjectConfigurationPlatforms) = postSolution
		{E961EBA7-3D60-4A01-804C-694BFE94D2D0}.Debug|Any CPU.ActiveCfg = Debug|Any CPU
		{E961EBA7-3D60-4A01-804C-694BFE94D2D0}.Debug|Any CPU.Build.0 = Debug|Any CPU
		{E961EBA7-3D60-4A01-804C-694BFE94D2D0}.Release|Any CPU.ActiveCfg = Release|Any CPU
		{E961EBA7-3D60-4A01-804C-694BFE94D2D0}.Release|Any CPU.Build.0 = Release|Any CPU
	EndGlobalSection
	GlobalSection(SolutionProperties) = preSolution
		HideSolutionNode = FALSE
	EndGlobalSection
	GlobalSection(ExtensibilityGlobals) = postSolution
		SolutionGuid = {7BF3D6CB-9F1D-4169-8076-C7A358A80D8A}
	EndGlobalSection
EndGlobal
